
Microsoft Visual Studio Solution File, Format Version 12.00
# Visual Studio Version 17
VisualStudioVersion = 17.1.32407.343
MinimumVisualStudioVersion = 10.0.40219.1
Project("{FAE04EC0-301F-11D3-BF4B-00C04F79EFBC}") = "BeeronomicsMVC", "BeeronomicsMVC\BeeronomicsMVC.csproj", "{265096EC-EFE0-4BCA-BB7B-CC2E1DBDC89E}"
EndProject
Global
	GlobalSection(SolutionConfigurationPlatforms) = preSolution
		Debug|Any CPU = Debug|Any CPU
		Release|Any CPU = Release|Any CPU
	EndGlobalSection
	GlobalSection(ProjectConfigurationPlatforms) = postSolution
		{265096EC-EFE0-4BCA-BB7B-CC2E1DBDC89E}.Debug|Any CPU.ActiveCfg = Debug|Any CPU
		{265096EC-EFE0-4BCA-BB7B-CC2E1DBDC89E}.Debug|Any CPU.Build.0 = Debug|Any CPU
		{265096EC-EFE0-4BCA-BB7B-CC2E1DBDC89E}.Release|Any CPU.ActiveCfg = Release|Any CPU
		{265096EC-EFE0-4BCA-BB7B-CC2E1DBDC89E}.Release|Any CPU.Build.0 = Release|Any CPU
	EndGlobalSection
	GlobalSection(SolutionProperties) = preSolution
		HideSolutionNode = FALSE
	EndGlobalSection
	GlobalSection(ExtensibilityGlobals) = postSolution
		SolutionGuid = {8917C53B-BF35-440C-9B9A-9E32E30D746D}
	EndGlobalSection
EndGlobal
